
Microsoft Visual Studio Solution File, Format Version 12.00
# Visual Studio 15
VisualStudioVersion = 15.0.28010.2036
MinimumVisualStudioVersion = 10.0.40219.1
Project("{9A19103F-16F7-4668-BE54-9A1E7A4F7556}") = "IdentityServer", "IdentityServer\IdentityServer.csproj", "{8B0B66A9-D625-44A0-95EE-AFE502D24B9B}"
EndProject
Project("{2150E333-8FDC-42A3-9474-1A3956D46DE8}") = "Clients", "Clients", "{C1140AD1-D2C3-4CBC-97AA-D879E3193E4B}"
EndProject
Project("{9A19103F-16F7-4668-BE54-9A1E7A4F7556}") = "ConsoleClientWithClientCredentials", "Clients\ConsoleClientWithClientCredentials\ConsoleClientWithClientCredentials.csproj", "{4B299626-0E0C-419D-9C66-9E76C351ACFD}"
EndProject
Project("{9A19103F-16F7-4668-BE54-9A1E7A4F7556}") = "Api", "Api\Api.csproj", "{84B682F4-DE55-4600-85FE-EF5ED7D90BFC}"
EndProject
Project("{9A19103F-16F7-4668-BE54-9A1E7A4F7556}") = "ConsoleClientWithResourceOwnerPassword", "Clients\ConsoleClientWithResourceOwnerPassword\ConsoleClientWithResourceOwnerPassword.csproj", "{E6CA95A1-C73C-449A-8041-6BFA8B90889F}"
EndProject
Project("{9A19103F-16F7-4668-BE54-9A1E7A4F7556}") = "MvcClientWithImplicit", "Clients\MvcClientWithImplicit\MvcClientWithImplicit.csproj", "{DB18C81C-CA50-4F40-8695-661CB6F22D73}"
EndProject
Project("{2150E333-8FDC-42A3-9474-1A3956D46DE8}") = "Initializations", "Initializations", "{22E3C0C8-79CE-430C-B08D-EE0D0DC3286A}"
EndProject
Project("{FAE04EC0-301F-11D3-BF4B-00C04F79EFBC}") = "ImportBackstageUsers", "Initializations\ImportBackstageUsers\ImportBackstageUsers.csproj", "{8C69F616-2085-4528-B62A-381F77FCBFBC}"
EndProject
Global
	GlobalSection(SolutionConfigurationPlatforms) = preSolution
		Debug|Any CPU = Debug|Any CPU
		Release|Any CPU = Release|Any CPU
	EndGlobalSection
	GlobalSection(ProjectConfigurationPlatforms) = postSolution
		{8B0B66A9-D625-44A0-95EE-AFE502D24B9B}.Debug|Any CPU.ActiveCfg = Debug|Any CPU
		{8B0B66A9-D625-44A0-95EE-AFE502D24B9B}.Debug|Any CPU.Build.0 = Debug|Any CPU
		{8B0B66A9-D625-44A0-95EE-AFE502D24B9B}.Release|Any CPU.ActiveCfg = Release|Any CPU
		{8B0B66A9-D625-44A0-95EE-AFE502D24B9B}.Release|Any CPU.Build.0 = Release|Any CPU
		{4B299626-0E0C-419D-9C66-9E76C351ACFD}.Debug|Any CPU.ActiveCfg = Debug|Any CPU
		{4B299626-0E0C-419D-9C66-9E76C351ACFD}.Debug|Any CPU.Build.0 = Debug|Any CPU
		{4B299626-0E0C-419D-9C66-9E76C351ACFD}.Release|Any CPU.ActiveCfg = Release|Any CPU
		{4B299626-0E0C-419D-9C66-9E76C351ACFD}.Release|Any CPU.Build.0 = Release|Any CPU
		{84B682F4-DE55-4600-85FE-EF5ED7D90BFC}.Debug|Any CPU.ActiveCfg = Debug|Any CPU
		{84B682F4-DE55-4600-85FE-EF5ED7D90BFC}.Debug|Any CPU.Build.0 = Debug|Any CPU
		{84B682F4-DE55-4600-85FE-EF5ED7D90BFC}.Release|Any CPU.ActiveCfg = Release|Any CPU
		{84B682F4-DE55-4600-85FE-EF5ED7D90BFC}.Release|Any CPU.Build.0 = Release|Any CPU
		{E6CA95A1-C73C-449A-8041-6BFA8B90889F}.Debug|Any CPU.ActiveCfg = Debug|Any CPU
		{E6CA95A1-C73C-449A-8041-6BFA8B90889F}.Debug|Any CPU.Build.0 = Debug|Any CPU
		{E6CA95A1-C73C-449A-8041-6BFA8B90889F}.Release|Any CPU.ActiveCfg = Release|Any CPU
		{E6CA95A1-C73C-449A-8041-6BFA8B90889F}.Release|Any CPU.Build.0 = Release|Any CPU
		{DB18C81C-CA50-4F40-8695-661CB6F22D73}.Debug|Any CPU.ActiveCfg = Debug|Any CPU
		{DB18C81C-CA50-4F40-8695-661CB6F22D73}.Debug|Any CPU.Build.0 = Debug|Any CPU
		{DB18C81C-CA50-4F40-8695-661CB6F22D73}.Release|Any CPU.ActiveCfg = Release|Any CPU
		{DB18C81C-CA50-4F40-8695-661CB6F22D73}.Release|Any CPU.Build.0 = Release|Any CPU
		{8C69F616-2085-4528-B62A-381F77FCBFBC}.Debug|Any CPU.ActiveCfg = Debug|Any CPU
		{8C69F616-2085-4528-B62A-381F77FCBFBC}.Debug|Any CPU.Build.0 = Debug|Any CPU
		{8C69F616-2085-4528-B62A-381F77FCBFBC}.Release|Any CPU.ActiveCfg = Release|Any CPU
		{8C69F616-2085-4528-B62A-381F77FCBFBC}.Release|Any CPU.Build.0 = Release|Any CPU
	EndGlobalSection
	GlobalSection(SolutionProperties) = preSolution
		HideSolutionNode = FALSE
	EndGlobalSection
	GlobalSection(NestedProjects) = preSolution
		{4B299626-0E0C-419D-9C66-9E76C351ACFD} = {C1140AD1-D2C3-4CBC-97AA-D879E3193E4B}
		{E6CA95A1-C73C-449A-8041-6BFA8B90889F} = {C1140AD1-D2C3-4CBC-97AA-D879E3193E4B}
		{DB18C81C-CA50-4F40-8695-661CB6F22D73} = {C1140AD1-D2C3-4CBC-97AA-D879E3193E4B}
		{8C69F616-2085-4528-B62A-381F77FCBFBC} = {22E3C0C8-79CE-430C-B08D-EE0D0DC3286A}
	EndGlobalSection
	GlobalSection(ExtensibilityGlobals) = postSolution
		SolutionGuid = {6A75CB1F-CD85-431F-A9B4-EED01FE0465B}
	EndGlobalSection
EndGlobal
